{
    "_readme": [
        "A fixture: pet reads this file, Composer never wrote it."
    ],
    "content-hash": "fixture",
    "packages": [
        {
            "name": "acme/widget",
            "version": "1.0.0",
            "type": "library",
            "dist": {
                "type": "zip",
                "url": "https://packages.test/acme/widget/1.0.0.zip",
                "reference": "acmewidget1.0.00000000000000000000000000",
                "shasum": ""
            },
            "source": {
                "type": "git",
                "url": "https://git.test/acme/widget.git",
                "reference": "acmewidget1.0.00000000000000000000000000"
            },
            "autoload": {
                "psr-4": {
                    "Acme\\Widget\\": "src/"
                }
            },
            "bin": [
                "bin/widget.phar"
            ]
        },
        {
            "name": "acme/ghost",
            "version": "1.0.0",
            "type": "library",
            "dist": {
                "type": "zip",
                "url": "https://packages.test/acme/ghost/1.0.0.zip",
                "reference": "acmeghost1.0.000000000000000000000000000",
                "shasum": ""
            },
            "source": {
                "type": "git",
                "url": "https://git.test/acme/ghost.git",
                "reference": "acmeghost1.0.000000000000000000000000000"
            }
        }
    ],
    "packages-dev": []
}
