{
    "_readme": [
        "This file is a fixture: porto reads it, Composer never wrote it."
    ],
    "content-hash": "fixture",
    "packages": [
        {
            "name": "acme/widget",
            "version": "1.0.0",
            "type": "library",
            "dist": {
                "type": "zip",
                "url": "https://packages.test/acme/widget/1.0.0.zip",
                "reference": "aaaa1111aaaa1111aaaa1111aaaa1111aaaa1111",
                "shasum": ""
            },
            "autoload": {
                "psr-4": {
                    "Acme\\Widget\\": "src/"
                }
            },
            "bin": [
                "bin/widget.phar"
            ]
        }
    ],
    "packages-dev": []
}
