{
    "_readme": [
        "A fixture: porto reads this file, Composer never wrote it."
    ],
    "content-hash": "fixture",
    "packages": [
        {
            "name": "acme/widget",
            "version": "2.0.0",
            "type": "library",
            "dist": {
                "type": "zip",
                "url": "https://packages.test/acme/widget/2.0.0.zip",
                "reference": "acmewidget2.0.00000000000000000000000000",
                "shasum": ""
            },
            "source": {
                "type": "git",
                "url": "https://git.test/acme/widget.git",
                "reference": "acmewidget2.0.00000000000000000000000000"
            },
            "autoload": {
                "psr-4": {
                    "Acme\\Widget\\": "src/"
                }
            },
            "bin": [
                "bin/widget.phar"
            ]
        }
    ],
    "packages-dev": [
        {
            "name": "acme/lint",
            "version": "1.0.0",
            "type": "library",
            "dist": {
                "type": "zip",
                "url": "https://packages.test/acme/lint/1.0.0.zip",
                "reference": "acmelint1.0.0000000000000000000000000000",
                "shasum": ""
            },
            "source": {
                "type": "git",
                "url": "https://git.test/acme/lint.git",
                "reference": "acmelint1.0.0000000000000000000000000000"
            },
            "autoload": {
                "psr-4": {
                    "Acme\\Lint\\": "src/"
                }
            }
        }
    ]
}
